Microsoft Visual Studio Solution File, Format Version 12.00
# Visual Studio Version 17
VisualStudioVersion = 17.5.2.0
MinimumVisualStudioVersion = 10.0.40219.1
Project("{FAE04EC0-301F-11D3-BF4B-00C04F79EFBC}") = "WebAppCleanArch.Application", "WebAppCleanArch.Application\WebAppCleanArch.Application.csproj", "{192632D3-3FB1-8F8E-C19E-2DDAD7EED432}"
EndProject
Project("{FAE04EC0-301F-11D3-BF4B-00C04F79EFBC}") = "WebAppCleanArch.Domain", "WebAppCleanArch.Domain\WebAppCleanArch.Domain.csproj", "{58A6D55A-F83E-81D1-2749-A755F05134E6}"
EndProject
Project("{FAE04EC0-301F-11D3-BF4B-00C04F79EFBC}") = "WebAppCleanArch.Infrastructure", "WebAppCleanArch.Infrastructure\WebAppCleanArch.Infrastructure.csproj", "{643BBCF2-7390-8A35-35DF-E26BDD0FADC8}"
EndProject
Project("{FAE04EC0-301F-11D3-BF4B-00C04F79EFBC}") = "WebAppCleanArch.Web", "WebAppCleanArch.Web\WebAppCleanArch.Web.csproj", "{191D606A-509B-F0A1-0E3E-DB25CE9198BE}"
EndProject
Global
	GlobalSection(SolutionConfigurationPlatforms) = preSolution
		Debug|Any CPU = Debug|Any CPU
		Release|Any CPU = Release|Any CPU
	EndGlobalSection
	GlobalSection(ProjectConfigurationPlatforms) = postSolution
		{192632D3-3FB1-8F8E-C19E-2DDAD7EED432}.Debug|Any CPU.ActiveCfg = Debug|Any CPU
		{192632D3-3FB1-8F8E-C19E-2DDAD7EED432}.Debug|Any CPU.Build.0 = Debug|Any CPU
		{192632D3-3FB1-8F8E-C19E-2DDAD7EED432}.Release|Any CPU.ActiveCfg = Release|Any CPU
		{192632D3-3FB1-8F8E-C19E-2DDAD7EED432}.Release|Any CPU.Build.0 = Release|Any CPU
		{58A6D55A-F83E-81D1-2749-A755F05134E6}.Debug|Any CPU.ActiveCfg = Debug|Any CPU
		{58A6D55A-F83E-81D1-2749-A755F05134E6}.Debug|Any CPU.Build.0 = Debug|Any CPU
		{58A6D55A-F83E-81D1-2749-A755F05134E6}.Release|Any CPU.ActiveCfg = Release|Any CPU
		{58A6D55A-F83E-81D1-2749-A755F05134E6}.Release|Any CPU.Build.0 = Release|Any CPU
		{643BBCF2-7390-8A35-35DF-E26BDD0FADC8}.Debug|Any CPU.ActiveCfg = Debug|Any CPU
		{643BBCF2-7390-8A35-35DF-E26BDD0FADC8}.Debug|Any CPU.Build.0 = Debug|Any CPU
		{643BBCF2-7390-8A35-35DF-E26BDD0FADC8}.Release|Any CPU.ActiveCfg = Release|Any CPU
		{643BBCF2-7390-8A35-35DF-E26BDD0FADC8}.Release|Any CPU.Build.0 = Release|Any CPU
		{191D606A-509B-F0A1-0E3E-DB25CE9198BE}.Debug|Any CPU.ActiveCfg = Debug|Any CPU
		{191D606A-509B-F0A1-0E3E-DB25CE9198BE}.Debug|Any CPU.Build.0 = Debug|Any CPU
		{191D606A-509B-F0A1-0E3E-DB25CE9198BE}.Release|Any CPU.ActiveCfg = Release|Any CPU
		{191D606A-509B-F0A1-0E3E-DB25CE9198BE}.Release|Any CPU.Build.0 = Release|Any CPU
	EndGlobalSection
	GlobalSection(SolutionProperties) = preSolution
		HideSolutionNode = FALSE
	EndGlobalSection
	GlobalSection(ExtensibilityGlobals) = postSolution
		SolutionGuid = {B69E9094-D1FD-4154-B152-8E6D0FEA176E}
	EndGlobalSection
EndGlobal
